
Microsoft Visual Studio Solution File, Format Version 12.00
# Visual Studio Version 17
VisualStudioVersion = 17.4.33205.214
MinimumVisualStudioVersion = 10.0.40219.1
Project("{FAE04EC0-301F-11D3-BF4B-00C04F79EFBC}") = "MinOfThreeNumbers", "MinOfThreeNumbers\MinOfThreeNumbers.csproj", "{8483745C-015F-47A6-9921-C4D1670A114D}"
EndProject
Project("{FAE04EC0-301F-11D3-BF4B-00C04F79EFBC}") = "AmountOfCharsInNumber", "AmountOfCharsInNumber\AmountOfCharsInNumber.csproj", "{D4CFC6D1-CD1E-4C08-86B0-49173FD2668D}"
EndProject
Project("{FAE04EC0-301F-11D3-BF4B-00C04F79EFBC}") = "SumOfOddNumbers", "SumOfOddNumbers\SumOfOddNumbers.csproj", "{1928B3EF-F27A-4542-BE13-4F2A59436E37}"
EndProject
Project("{FAE04EC0-301F-11D3-BF4B-00C04F79EFBC}") = "Authentication", "Authentication\Authentication.csproj", "{99049C24-FB55-4C3C-983A-FD33A10A6E55}"
EndProject
Project("{FAE04EC0-301F-11D3-BF4B-00C04F79EFBC}") = "BodyMassIndex", "BodyMassIndex\BodyMassIndex.csproj", "{D2ABCAE4-056B-48B2-A9DD-566A361655CB}"
EndProject
Global
	GlobalSection(SolutionConfigurationPlatforms) = preSolution
		Debug|Any CPU = Debug|Any CPU
		Release|Any CPU = Release|Any CPU
	EndGlobalSection
	GlobalSection(ProjectConfigurationPlatforms) = postSolution
		{8483745C-015F-47A6-9921-C4D1670A114D}.Debug|Any CPU.ActiveCfg = Debug|Any CPU
		{8483745C-015F-47A6-9921-C4D1670A114D}.Debug|Any CPU.Build.0 = Debug|Any CPU
		{8483745C-015F-47A6-9921-C4D1670A114D}.Release|Any CPU.ActiveCfg = Release|Any CPU
		{8483745C-015F-47A6-9921-C4D1670A114D}.Release|Any CPU.Build.0 = Release|Any CPU
		{D4CFC6D1-CD1E-4C08-86B0-49173FD2668D}.Debug|Any CPU.ActiveCfg = Debug|Any CPU
		{D4CFC6D1-CD1E-4C08-86B0-49173FD2668D}.Debug|Any CPU.Build.0 = Debug|Any CPU
		{D4CFC6D1-CD1E-4C08-86B0-49173FD2668D}.Release|Any CPU.ActiveCfg = Release|Any CPU
		{D4CFC6D1-CD1E-4C08-86B0-49173FD2668D}.Release|Any CPU.Build.0 = Release|Any CPU
		{1928B3EF-F27A-4542-BE13-4F2A59436E37}.Debug|Any CPU.ActiveCfg = Debug|Any CPU
		{1928B3EF-F27A-4542-BE13-4F2A59436E37}.Debug|Any CPU.Build.0 = Debug|Any CPU
		{1928B3EF-F27A-4542-BE13-4F2A59436E37}.Release|Any CPU.ActiveCfg = Release|Any CPU
		{1928B3EF-F27A-4542-BE13-4F2A59436E37}.Release|Any CPU.Build.0 = Release|Any CPU
		{99049C24-FB55-4C3C-983A-FD33A10A6E55}.Debug|Any CPU.ActiveCfg = Debug|Any CPU
		{99049C24-FB55-4C3C-983A-FD33A10A6E55}.Debug|Any CPU.Build.0 = Debug|Any CPU
		{99049C24-FB55-4C3C-983A-FD33A10A6E55}.Release|Any CPU.ActiveCfg = Release|Any CPU
		{99049C24-FB55-4C3C-983A-FD33A10A6E55}.Release|Any CPU.Build.0 = Release|Any CPU
		{D2ABCAE4-056B-48B2-A9DD-566A361655CB}.Debug|Any CPU.ActiveCfg = Debug|Any CPU
		{D2ABCAE4-056B-48B2-A9DD-566A361655CB}.Debug|Any CPU.Build.0 = Debug|Any CPU
		{D2ABCAE4-056B-48B2-A9DD-566A361655CB}.Release|Any CPU.ActiveCfg = Release|Any CPU
		{D2ABCAE4-056B-48B2-A9DD-566A361655CB}.Release|Any CPU.Build.0 = Release|Any CPU
	EndGlobalSection
	GlobalSection(SolutionProperties) = preSolution
		HideSolutionNode = FALSE
	EndGlobalSection
	GlobalSection(ExtensibilityGlobals) = postSolution
		SolutionGuid = {1CE5BE4B-7D35-4B44-885A-41211470BF87}
	EndGlobalSection
EndGlobal
